// !$*UTF8*$!
{
	archiveVersion = 1;
	classes = {
	};
	objectVersion = 56;
	objects = {

/* Begin PBXBuildFile section */
		1C9959672918FE32006A74E7 /* PageModel.swift in Sources */ = {isa = PBXBuildFile; fileRef = 1C9959662918FE32006A74E7 /* PageModel.swift */; };
		1C99596A2918FE9F006A74E7 /* PageData.swift in Sources */ = {isa = PBXBuildFile; fileRef = 1C9959692918FE9F006A74E7 /* PageData.swift */; };
		A3CB08FF29189AAE009CD8E3 /* PinchApp.swift in Sources */ = {isa = PBXBuildFile; fileRef = A3CB08FE29189AAE009CD8E3 /* PinchApp.swift */; };
		A3CB090129189AAE009CD8E3 /* ContentView.swift in Sources */ = {isa = PBXBuildFile; fileRef = A3CB090029189AAE009CD8E3 /* ContentView.swift */; };
		A3CB090329189AAF009CD8E3 /* Assets.xcassets in Resources */ = {isa = PBXBuildFile; fileRef = A3CB090229189AAF009CD8E3 /* Assets.xcassets */; };
		A3CB090629189AAF009CD8E3 /* Preview Assets.xcassets in Resources */ = {isa = PBXBuildFile; fileRef = A3CB090529189AAF009CD8E3 /* Preview Assets.xcassets */; };
		A3CB09102918A1B7009CD8E3 /* InfoPanelView.swift in Sources */ = {isa = PBXBuildFile; fileRef = A3CB090F2918A1B7009CD8E3 /* InfoPanelView.swift */; };
		A3CB09122918A62B009CD8E3 /* ControlPanelView.swift in Sources */ = {isa = PBXBuildFile; fileRef = A3CB09112918A62B009CD8E3 /* ControlPanelView.swift */; };
		A3CB09142918A699009CD8E3 /* ControlImgView.swift in Sources */ = {isa = PBXBuildFile; fileRef = A3CB09132918A699009CD8E3 /* ControlImgView.swift */; };
		A3CB09162918AE7B009CD8E3 /* DrawerView.swift in Sources */ = {isa = PBXBuildFile; fileRef = A3CB09152918AE7B009CD8E3 /* DrawerView.swift */; };
/* End PBXBuildFile section */

/* Begin PBXFileReference section */
		1C9959662918FE32006A74E7 /* PageModel.swift */ = {isa = PBXFileReference; lastKnownFileType = sourcecode.swift; path = PageModel.swift; sourceTree = "<group>"; };
		1C9959692918FE9F006A74E7 /* PageData.swift */ = {isa = PBXFileReference; lastKnownFileType = sourcecode.swift; path = PageData.swift; sourceTree = "<group>"; };
		A3CB08FB29189AAE009CD8E3 /* Pinch.app */ = {isa = PBXFileReference; explicitFileType = wrapper.application; includeInIndex = 0; path = Pinch.app; sourceTree = BUILT_PRODUCTS_DIR; };
		A3CB08FE29189AAE009CD8E3 /* PinchApp.swift */ = {isa = PBXFileReference; lastKnownFileType = sourcecode.swift; path = PinchApp.swift; sourceTree = "<group>"; };
		A3CB090029189AAE009CD8E3 /* ContentView.swift */ = {isa = PBXFileReference; lastKnownFileType = sourcecode.swift; path = ContentView.swift; sourceTree = "<group>"; };
		A3CB090229189AAF009CD8E3 /* Assets.xcassets */ = {isa = PBXFileReference; lastKnownFileType = folder.assetcatalog; path = Assets.xcassets; sourceTree = "<group>"; };
		A3CB090529189AAF009CD8E3 /* Preview Assets.xcassets */ = {isa = PBXFileReference; lastKnownFileType = folder.assetcatalog; path = "Preview Assets.xcassets"; sourceTree = "<group>"; };
		A3CB090F2918A1B7009CD8E3 /* InfoPanelView.swift */ = {isa = PBXFileReference; lastKnownFileType = sourcecode.swift; path = InfoPanelView.swift; sourceTree = "<group>"; };
		A3CB09112918A62B009CD8E3 /* ControlPanelView.swift */ = {isa = PBXFileReference; lastKnownFileType = sourcecode.swift; path = ControlPanelView.swift; sourceTree = "<group>"; };
		A3CB09132918A699009CD8E3 /* ControlImgView.swift */ = {isa = PBXFileReference; lastKnownFileType = sourcecode.swift; path = ControlImgView.swift; sourceTree = "<group>"; };
		A3CB09152918AE7B009CD8E3 /* DrawerView.swift */ = {isa = PBXFileReference; lastKnownFileType = sourcecode.swift; path = DrawerView.swift; sourceTree = "<group>"; };
/* End PBXFileReference section */

/* Begin PBXFrameworksBuildPhase section */
		A3CB08F829189AAE009CD8E3 /* Frameworks */ = {
			isa = PBXFrameworksBuildPhase;
			buildActionMask = 2147483647;
			files = (
			);
			runOnlyForDeploymentPostprocessing = 0;
		};
/* End PBXFrameworksBuildPhase section */

/* Begin PBXGroup section */
		1C9959682918FE94006A74E7 /* Data */ = {
			isa = PBXGroup;
			children = (
				1C9959692918FE9F006A74E7 /* PageData.swift */,
			);
			path = Data;
			sourceTree = "<group>";
		};
		A3CB08F229189AAD009CD8E3 = {
			isa = PBXGroup;
			children = (
				A3CB08FD29189AAE009CD8E3 /* Pinch */,
				A3CB08FC29189AAE009CD8E3 /* Products */,
			);
			sourceTree = "<group>";
		};
		A3CB08FC29189AAE009CD8E3 /* Products */ = {
			isa = PBXGroup;
			children = (
				A3CB08FB29189AAE009CD8E3 /* Pinch.app */,
			);
			name = Products;
			sourceTree = "<group>";
		};
		A3CB08FD29189AAE009CD8E3 /* Pinch */ = {
			isa = PBXGroup;
			children = (
				A3CB08FE29189AAE009CD8E3 /* PinchApp.swift */,
				1C9959682918FE94006A74E7 /* Data */,
				A3CB090E2918A19F009CD8E3 /* Model */,
				A3CB090D2918A198009CD8E3 /* View */,
				A3CB090C2918A188009CD8E3 /* Screen */,
				A3CB090229189AAF009CD8E3 /* Assets.xcassets */,
				A3CB090429189AAF009CD8E3 /* Preview Content */,
			);
			path = Pinch;
			sourceTree = "<group>";
		};
		A3CB090429189AAF009CD8E3 /* Preview Content */ = {
			isa = PBXGroup;
			children = (
				A3CB090529189AAF009CD8E3 /* Preview Assets.xcassets */,
			);
			path = "Preview Content";
			sourceTree = "<group>";
		};
		A3CB090C2918A188009CD8E3 /* Screen */ = {
			isa = PBXGroup;
			children = (
				A3CB090029189AAE009CD8E3 /* ContentView.swift */,
			);
			path = Screen;
			sourceTree = "<group>";
		};
		A3CB090D2918A198009CD8E3 /* View */ = {
			isa = PBXGroup;
			children = (
				A3CB090F2918A1B7009CD8E3 /* InfoPanelView.swift */,
				A3CB09112918A62B009CD8E3 /* ControlPanelView.swift */,
				A3CB09132918A699009CD8E3 /* ControlImgView.swift */,
				A3CB09152918AE7B009CD8E3 /* DrawerView.swift */,
			);
			path = View;
			sourceTree = "<group>";
		};
		A3CB090E2918A19F009CD8E3 /* Model */ = {
			isa = PBXGroup;
			children = (
				1C9959662918FE32006A74E7 /* PageModel.swift */,
			);
			path = Model;
			sourceTree = "<group>";
		};
/* End PBXGroup section */

/* Begin PBXNativeTarget section */
		A3CB08FA29189AAE009CD8E3 /* Pinch */ = {
			isa = PBXNativeTarget;
			buildConfigurationList = A3CB090929189AAF009CD8E3 /* Build configuration list for PBXNativeTarget "Pinch" */;
			buildPhases = (
				A3CB08F729189AAE009CD8E3 /* Sources */,
				A3CB08F829189AAE009CD8E3 /* Frameworks */,
				A3CB08F929189AAE009CD8E3 /* Resources */,
			);
			buildRules = (
			);
			dependencies = (
			);
			name = Pinch;
			productName = Pinch;
			productReference = A3CB08FB29189AAE009CD8E3 /* Pinch.app */;
			productType = "com.apple.product-type.application";
		};
/* End PBXNativeTarget section */

/* Begin PBXProject section */
		A3CB08F329189AAD009CD8E3 /* Project object */ = {
			isa = PBXProject;
			attributes = {
				BuildIndependentTargetsInParallel = 1;
				LastSwiftUpdateCheck = 1410;
				LastUpgradeCheck = 1410;
				TargetAttributes = {
					A3CB08FA29189AAE009CD8E3 = {
						CreatedOnToolsVersion = 14.1;
					};
				};
			};
			buildConfigurationList = A3CB08F629189AAD009CD8E3 /* Build configuration list for PBXProject "Pinch" */;
			compatibilityVersion = "Xcode 14.0";
			developmentRegion = en;
			hasScannedForEncodings = 0;
			knownRegions = (
				en,
				Base,
			);
			mainGroup = A3CB08F229189AAD009CD8E3;
			productRefGroup = A3CB08FC29189AAE009CD8E3 /* Products */;
			projectDirPath = "";
			projectRoot = "";
			targets = (
				A3CB08FA29189AAE009CD8E3 /* Pinch */,
			);
		};
/* End PBXProject section */

/* Begin PBXResourcesBuildPhase section */
		A3CB08F929189AAE009CD8E3 /* Resources */ = {
			isa = PBXResourcesBuildPhase;
			buildActionMask = 2147483647;
			files = (
				A3CB090629189AAF009CD8E3 /* Preview Assets.xcassets in Resources */,
				A3CB090329189AAF009CD8E3 /* Assets.xcassets in Resources */,
			);
			runOnlyForDeploymentPostprocessing = 0;
		};
/* End PBXResourcesBuildPhase section */

/* Begin PBXSourcesBuildPhase section */
		A3CB08F729189AAE009CD8E3 /* Sources */ = {
			isa = PBXSourcesBuildPhase;
			buildActionMask = 2147483647;
			files = (
				1C99596A2918FE9F006A74E7 /* PageData.swift in Sources */,
				A3CB09142918A699009CD8E3 /* ControlImgView.swift in Sources */,
				1C9959672918FE32006A74E7 /* PageModel.swift in Sources */,
				A3CB090129189AAE009CD8E3 /* ContentView.swift in Sources */,
				A3CB09122918A62B009CD8E3 /* ControlPanelView.swift in Sources */,
				A3CB09162918AE7B009CD8E3 /* DrawerView.swift in Sources */,
				A3CB08FF29189AAE009CD8E3 /* PinchApp.swift in Sources */,
				A3CB09102918A1B7009CD8E3 /* InfoPanelView.swift in Sources */,
			);
			runOnlyForDeploymentPostprocessing = 0;
		};
/* End PBXSourcesBuildPhase section */

/* Begin XCBuildConfiguration section */
		A3CB090729189AAF009CD8E3 /* Debug */ = {
			isa = XCBuildConfiguration;
			buildSettings = {
				ALWAYS_SEARCH_USER_PATHS = NO;
				CLANG_ANALYZER_NONNULL = YES;
				CLANG_ANALYZER_NUMBER_OBJECT_CONVERSION = YES_AGGRESSIVE;
				CLANG_CXX_LANGUAGE_STANDARD = "gnu++20";
				CLANG_ENABLE_MODULES = YES;
				CLANG_ENABLE_OBJC_ARC = YES;
				CLANG_ENABLE_OBJC_WEAK = YES;
				CLANG_WARN_BLOCK_CAPTURE_AUTORELEASING = YES;
				CLANG_WARN_BOOL_CONVERSION = YES;
				CLANG_WARN_COMMA = YES;
				CLANG_WARN_CONSTANT_CONVERSION = YES;
				CLANG_WARN_DEPRECATED_OBJC_IMPLEMENTATIONS = YES;
				CLANG_WARN_DIRECT_OBJC_ISA_USAGE = YES_ERROR;
				CLANG_WARN_DOCUMENTATION_COMMENTS = YES;
				CLANG_WARN_EMPTY_BODY = YES;
				CLANG_WARN_ENUM_CONVERSION = YES;
				CLANG_WARN_INFINITE_RECURSION = YES;
				CLANG_WARN_INT_CONVERSION = YES;
				CLANG_WARN_NON_LITERAL_NULL_CONVERSION = YES;
				CLANG_WARN_OBJC_IMPLICIT_RETAIN_SELF = YES;
				CLANG_WARN_OBJC_LITERAL_CONVERSION = YES;
				CLANG_WARN_OBJC_ROOT_CLASS = YES_ERROR;
				CLANG_WARN_QUOTED_INCLUDE_IN_FRAMEWORK_HEADER = YES;
				CLANG_WARN_RANGE_LOOP_ANALYSIS = YES;
				CLANG_WARN_STRICT_PROTOTYPES = YES;
				CLANG_WARN_SUSPICIOUS_MOVE = YES;
				CLANG_WARN_UNGUARDED_AVAILABILITY = YES_AGGRESSIVE;
				CLANG_WARN_UNREACHABLE_CODE = YES;
				CLANG_WARN__DUPLICATE_METHOD_MATCH = YES;
				COPY_PHASE_STRIP = NO;
				DEBUG_INFORMATION_FORMAT = dwarf;
				ENABLE_STRICT_OBJC_MSGSEND = YES;
				ENABLE_TESTABILITY = YES;
				GCC_C_LANGUAGE_STANDARD = gnu11;
				GCC_DYNAMIC_NO_PIC = NO;
				GCC_NO_COMMON_BLOCKS = YES;
				GCC_OPTIMIZATION_LEVEL = 0;
				GCC_PREPROCESSOR_DEFINITIONS = (
					"DEBUG=1",
					"$(inherited)",
				);
				GCC_WARN_64_TO_32_BIT_CONVERSION = YES;
				GCC_WARN_ABOUT_RETURN_TYPE = YES_ERROR;
				GCC_WARN_UNDECLARED_SELECTOR = YES;
				GCC_WARN_UNINITIALIZED_AUTOS = YES_AGGRESSIVE;
				GCC_WARN_UNUSED_FUNCTION = YES;
				GCC_WARN_UNUSED_VARIABLE = YES;
				IPHONEOS_DEPLOYMENT_TARGET = 16.1;
				MTL_ENABLE_DEBUG_INFO = INCLUDE_SOURCE;
				MTL_FAST_MATH = YES;
				ONLY_ACTIVE_ARCH = YES;
				SDKROOT = iphoneos;
				SWIFT_ACTIVE_COMPILATION_CONDITIONS = DEBUG;
				SWIFT_OPTIMIZATION_LEVEL = "-Onone";
			};
			name = Debug;
		};
		A3CB090829189AAF009CD8E3 /* Release */ = {
			isa = XCBuildConfiguration;
			buildSettings = {
				ALWAYS_SEARCH_USER_PATHS = NO;
				CLANG_ANALYZER_NONNULL = YES;
				CLANG_ANALYZER_NUMBER_OBJECT_CONVERSION = YES_AGGRESSIVE;
				CLANG_CXX_LANGUAGE_STANDARD = "gnu++20";
				CLANG_ENABLE_MODULES = YES;
				CLANG_ENABLE_OBJC_ARC = YES;
				CLANG_ENABLE_OBJC_WEAK = YES;
				CLANG_WARN_BLOCK_CAPTURE_AUTORELEASING = YES;
				CLANG_WARN_BOOL_CONVERSION = YES;
				CLANG_WARN_COMMA = YES;
				CLANG_WARN_CONSTANT_CONVERSION = YES;
				CLANG_WARN_DEPRECATED_OBJC_IMPLEMENTATIONS = YES;
				CLANG_WARN_DIRECT_OBJC_ISA_USAGE = YES_ERROR;
				CLANG_WARN_DOCUMENTATION_COMMENTS = YES;
				CLANG_WARN_EMPTY_BODY = YES;
				CLANG_WARN_ENUM_CONVERSION = YES;
				CLANG_WARN_INFINITE_RECURSION = YES;
				CLANG_WARN_INT_CONVERSION = YES;
				CLANG_WARN_NON_LITERAL_NULL_CONVERSION = YES;
				CLANG_WARN_OBJC_IMPLICIT_RETAIN_SELF = YES;
				CLANG_WARN_OBJC_LITERAL_CONVERSION = YES;
				CLANG_WARN_OBJC_ROOT_CLASS = YES_ERROR;
				CLANG_WARN_QUOTED_INCLUDE_IN_FRAMEWORK_HEADER = YES;
				CLANG_WARN_RANGE_LOOP_ANALYSIS = YES;
				CLANG_WARN_STRICT_PROTOTYPES = YES;
				CLANG_WARN_SUSPICIOUS_MOVE = YES;
				CLANG_WARN_UNGUARDED_AVAILABILITY = YES_AGGRESSIVE;
				CLANG_WARN_UNREACHABLE_CODE = YES;
				CLANG_WARN__DUPLICATE_METHOD_MATCH = YES;
				COPY_PHASE_STRIP = NO;
				DEBUG_INFORMATION_FORMAT = "dwarf-with-dsym";
				ENABLE_NS_ASSERTIONS = NO;
				ENABLE_STRICT_OBJC_MSGSEND = YES;
				GCC_C_LANGUAGE_STANDARD = gnu11;
				GCC_NO_COMMON_BLOCKS = YES;
				GCC_WARN_64_TO_32_BIT_CONVERSION = YES;
				GCC_WARN_ABOUT_RETURN_TYPE = YES_ERROR;
				GCC_WARN_UNDECLARED_SELECTOR = YES;
				GCC_WARN_UNINITIALIZED_AUTOS = YES_AGGRESSIVE;
				GCC_WARN_UNUSED_FUNCTION = YES;
				GCC_WARN_UNUSED_VARIABLE = YES;
				IPHONEOS_DEPLOYMENT_TARGET = 16.1;
				MTL_ENABLE_DEBUG_INFO = NO;
				MTL_FAST_MATH = YES;
				SDKROOT = iphoneos;
				SWIFT_COMPILATION_MODE = wholemodule;
				SWIFT_OPTIMIZATION_LEVEL = "-O";
				VALIDATE_PRODUCT = YES;
			};
			name = Release;
		};
		A3CB090A29189AAF009CD8E3 /* Debug */ = {
			isa = XCBuildConfiguration;
			buildSettings = {
				ASSETCATALOG_COMPILER_APPICON_NAME = AppIcon;
				ASSETCATALOG_COMPILER_GLOBAL_ACCENT_COLOR_NAME = AccentColor;
				CODE_SIGN_STYLE = Automatic;
				CURRENT_PROJECT_VERSION = 1;
				DEVELOPMENT_ASSET_PATHS = "\"Pinch/Preview Content\"";
				DEVELOPMENT_TEAM = 7ACYB84PE5;
				ENABLE_PREVIEWS = YES;
				GENERATE_INFOPLIST_FILE = YES;
				INFOPLIST_KEY_UIApplicationSceneManifest_Generation = YES;
				INFOPLIST_KEY_UIApplicationSupportsIndirectInputEvents = YES;
				INFOPLIST_KEY_UILaunchScreen_Generation = YES;
				INFOPLIST_KEY_UISupportedInterfaceOrientations_iPad = "UIInterfaceOrientationPortrait UIInterfaceOrientationPortraitUpsideDown UIInterfaceOrientationLandscapeLeft UIInterfaceOrientationLandscapeRight";
				INFOPLIST_KEY_UISupportedInterfaceOrientations_iPhone = "UIInterfaceOrientationPortrait UIInterfaceOrientationLandscapeLeft UIInterfaceOrientationLandscapeRight";
				LD_RUNPATH_SEARCH_PATHS = (
					"$(inherited)",
					"@executable_path/Frameworks",
				);
				MARKETING_VERSION = 1.0;
				PRODUCT_BUNDLE_IDENTIFIER = com.giangbb.ios.Pinch;
				PRODUCT_NAME = "$(TARGET_NAME)";
				SWIFT_EMIT_LOC_STRINGS = YES;
				SWIFT_VERSION = 5.0;
				TARGETED_DEVICE_FAMILY = "1,2";
			};
			name = Debug;
		};
		A3CB090B29189AAF009CD8E3 /* Release */ = {
			isa = XCBuildConfiguration;
			buildSettings = {
				ASSETCATALOG_COMPILER_APPICON_NAME = AppIcon;
				ASSETCATALOG_COMPILER_GLOBAL_ACCENT_COLOR_NAME = AccentColor;
				CODE_SIGN_STYLE = Automatic;
				CURRENT_PROJECT_VERSION = 1;
				DEVELOPMENT_ASSET_PATHS = "\"Pinch/Preview Content\"";
				DEVELOPMENT_TEAM = 7ACYB84PE5;
				ENABLE_PREVIEWS = YES;
				GENERATE_INFOPLIST_FILE = YES;
				INFOPLIST_KEY_UIApplicationSceneManifest_Generation = YES;
				INFOPLIST_KEY_UIApplicationSupportsIndirectInputEvents = YES;
				INFOPLIST_KEY_UILaunchScreen_Generation = YES;
				INFOPLIST_KEY_UISupportedInterfaceOrientations_iPad = "UIInterfaceOrientationPortrait UIInterfaceOrientationPortraitUpsideDown UIInterfaceOrientationLandscapeLeft UIInterfaceOrientationLandscapeRight";
				INFOPLIST_KEY_UISupportedInterfaceOrientations_iPhone = "UIInterfaceOrientationPortrait UIInterfaceOrientationLandscapeLeft UIInterfaceOrientationLandscapeRight";
				LD_RUNPATH_SEARCH_PATHS = (
					"$(inherited)",
					"@executable_path/Frameworks",
				);
				MARKETING_VERSION = 1.0;
				PRODUCT_BUNDLE_IDENTIFIER = com.giangbb.ios.Pinch;
				PRODUCT_NAME = "$(TARGET_NAME)";
				SWIFT_EMIT_LOC_STRINGS = YES;
				SWIFT_VERSION = 5.0;
				TARGETED_DEVICE_FAMILY = "1,2";
			};
			name = Release;
		};
/* End XCBuildConfiguration section */

/* Begin XCConfigurationList section */
		A3CB08F629189AAD009CD8E3 /* Build configuration list for PBXProject "Pinch" */ = {
			isa = XCConfigurationList;
			buildConfigurations = (
				A3CB090729189AAF009CD8E3 /* Debug */,
				A3CB090829189AAF009CD8E3 /* Release */,
			);
			defaultConfigurationIsVisible = 0;
			defaultConfigurationName = Release;
		};
		A3CB090929189AAF009CD8E3 /* Build configuration list for PBXNativeTarget "Pinch" */ = {
			isa = XCConfigurationList;
			buildConfigurations = (
				A3CB090A29189AAF009CD8E3 /* Debug */,
				A3CB090B29189AAF009CD8E3 /* Release */,
			);
			defaultConfigurationIsVisible = 0;
			defaultConfigurationName = Release;
		};
/* End XCConfigurationList section */
	};
	rootObject = A3CB08F329189AAD009CD8E3 /* Project object */;
}
