// !$*UTF8*$!
{
	archiveVersion = 1;
	classes = {
	};
	objectVersion = 56;
	objects = {

/* Begin PBXBuildFile section */
		1C15CADD2921A525006EA8DD /* NavigationBarView.swift in Sources */ = {isa = PBXBuildFile; fileRef = 1C15CADC2921A525006EA8DD /* NavigationBarView.swift */; };
		1C15CADF2921A61D006EA8DD /* LogoView.swift in Sources */ = {isa = PBXBuildFile; fileRef = 1C15CADE2921A61D006EA8DD /* LogoView.swift */; };
		1CDC19EB2920604000B557F5 /* __TouchDownApp.swift in Sources */ = {isa = PBXBuildFile; fileRef = 1CDC19EA2920604000B557F5 /* __TouchDownApp.swift */; };
		1CDC19ED2920604000B557F5 /* ContentView.swift in Sources */ = {isa = PBXBuildFile; fileRef = 1CDC19EC2920604000B557F5 /* ContentView.swift */; };
		1CDC19EF2920604200B557F5 /* Assets.xcassets in Resources */ = {isa = PBXBuildFile; fileRef = 1CDC19EE2920604200B557F5 /* Assets.xcassets */; };
		1CDC19F22920604200B557F5 /* Preview Assets.xcassets in Resources */ = {isa = PBXBuildFile; fileRef = 1CDC19F12920604200B557F5 /* Preview Assets.xcassets */; };
		1CDC19FD2920616F00B557F5 /* player.json in Resources */ = {isa = PBXBuildFile; fileRef = 1CDC19F92920616F00B557F5 /* player.json */; };
		1CDC19FE2920616F00B557F5 /* brand.json in Resources */ = {isa = PBXBuildFile; fileRef = 1CDC19FA2920616F00B557F5 /* brand.json */; };
		1CDC19FF2920616F00B557F5 /* product.json in Resources */ = {isa = PBXBuildFile; fileRef = 1CDC19FB2920616F00B557F5 /* product.json */; };
		1CDC1A002920616F00B557F5 /* category.json in Resources */ = {isa = PBXBuildFile; fileRef = 1CDC19FC2920616F00B557F5 /* category.json */; };
		1CDC1A0B292062DE00B557F5 /* Constant.swift in Sources */ = {isa = PBXBuildFile; fileRef = 1CDC1A0A292062DE00B557F5 /* Constant.swift */; };
		1CDC1A0D2920645E00B557F5 /* FooterView.swift in Sources */ = {isa = PBXBuildFile; fileRef = 1CDC1A0C2920645E00B557F5 /* FooterView.swift */; };
/* End PBXBuildFile section */

/* Begin PBXFileReference section */
		1C15CADC2921A525006EA8DD /* NavigationBarView.swift */ = {isa = PBXFileReference; lastKnownFileType = sourcecode.swift; path = NavigationBarView.swift; sourceTree = "<group>"; };
		1C15CADE2921A61D006EA8DD /* LogoView.swift */ = {isa = PBXFileReference; lastKnownFileType = sourcecode.swift; path = LogoView.swift; sourceTree = "<group>"; };
		1CDC19E72920604000B557F5 /* 5-TouchDown.app */ = {isa = PBXFileReference; explicitFileType = wrapper.application; includeInIndex = 0; path = "5-TouchDown.app"; sourceTree = BUILT_PRODUCTS_DIR; };
		1CDC19EA2920604000B557F5 /* __TouchDownApp.swift */ = {isa = PBXFileReference; lastKnownFileType = sourcecode.swift; path = __TouchDownApp.swift; sourceTree = "<group>"; };
		1CDC19EC2920604000B557F5 /* ContentView.swift */ = {isa = PBXFileReference; lastKnownFileType = sourcecode.swift; path = ContentView.swift; sourceTree = "<group>"; };
		1CDC19EE2920604200B557F5 /* Assets.xcassets */ = {isa = PBXFileReference; lastKnownFileType = folder.assetcatalog; path = Assets.xcassets; sourceTree = "<group>"; };
		1CDC19F12920604200B557F5 /* Preview Assets.xcassets */ = {isa = PBXFileReference; lastKnownFileType = folder.assetcatalog; path = "Preview Assets.xcassets"; sourceTree = "<group>"; };
		1CDC19F92920616F00B557F5 /* player.json */ = {isa = PBXFileReference; fileEncoding = 4; lastKnownFileType = text.json; path = player.json; sourceTree = "<group>"; };
		1CDC19FA2920616F00B557F5 /* brand.json */ = {isa = PBXFileReference; fileEncoding = 4; lastKnownFileType = text.json; path = brand.json; sourceTree = "<group>"; };
		1CDC19FB2920616F00B557F5 /* product.json */ = {isa = PBXFileReference; fileEncoding = 4; lastKnownFileType = text.json; path = product.json; sourceTree = "<group>"; };
		1CDC19FC2920616F00B557F5 /* category.json */ = {isa = PBXFileReference; fileEncoding = 4; lastKnownFileType = text.json; path = category.json; sourceTree = "<group>"; };
		1CDC1A01292061B100B557F5 /* --TouchDown-Info.plist */ = {isa = PBXFileReference; lastKnownFileType = text.plist; path = "--TouchDown-Info.plist"; sourceTree = SOURCE_ROOT; };
		1CDC1A0A292062DE00B557F5 /* Constant.swift */ = {isa = PBXFileReference; lastKnownFileType = sourcecode.swift; path = Constant.swift; sourceTree = "<group>"; };
		1CDC1A0C2920645E00B557F5 /* FooterView.swift */ = {isa = PBXFileReference; lastKnownFileType = sourcecode.swift; path = FooterView.swift; sourceTree = "<group>"; };
/* End PBXFileReference section */

/* Begin PBXFrameworksBuildPhase section */
		1CDC19E42920604000B557F5 /* Frameworks */ = {
			isa = PBXFrameworksBuildPhase;
			buildActionMask = 2147483647;
			files = (
			);
			runOnlyForDeploymentPostprocessing = 0;
		};
/* End PBXFrameworksBuildPhase section */

/* Begin PBXGroup section */
		1CDC19DE2920604000B557F5 = {
			isa = PBXGroup;
			children = (
				1CDC19E92920604000B557F5 /* 5-TouchDown */,
				1CDC19E82920604000B557F5 /* Products */,
			);
			sourceTree = "<group>";
		};
		1CDC19E82920604000B557F5 /* Products */ = {
			isa = PBXGroup;
			children = (
				1CDC19E72920604000B557F5 /* 5-TouchDown.app */,
			);
			name = Products;
			sourceTree = "<group>";
		};
		1CDC19E92920604000B557F5 /* 5-TouchDown */ = {
			isa = PBXGroup;
			children = (
				1CDC1A01292061B100B557F5 /* --TouchDown-Info.plist */,
				1CDC19F82920615900B557F5 /* Data */,
				1CDC1A022920626200B557F5 /* App */,
				1CDC1A072920629300B557F5 /* Model */,
				1CDC1A032920626D00B557F5 /* Screen */,
				1CDC1A042920627700B557F5 /* View */,
				1CDC1A082920629E00B557F5 /* Extension */,
				1CDC1A09292062A600B557F5 /* Utility */,
				1CDC19EE2920604200B557F5 /* Assets.xcassets */,
				1CDC19F02920604200B557F5 /* Preview Content */,
			);
			path = "5-TouchDown";
			sourceTree = "<group>";
		};
		1CDC19F02920604200B557F5 /* Preview Content */ = {
			isa = PBXGroup;
			children = (
				1CDC19F12920604200B557F5 /* Preview Assets.xcassets */,
			);
			path = "Preview Content";
			sourceTree = "<group>";
		};
		1CDC19F82920615900B557F5 /* Data */ = {
			isa = PBXGroup;
			children = (
				1CDC19FA2920616F00B557F5 /* brand.json */,
				1CDC19FC2920616F00B557F5 /* category.json */,
				1CDC19F92920616F00B557F5 /* player.json */,
				1CDC19FB2920616F00B557F5 /* product.json */,
			);
			path = Data;
			sourceTree = "<group>";
		};
		1CDC1A022920626200B557F5 /* App */ = {
			isa = PBXGroup;
			children = (
				1CDC19EA2920604000B557F5 /* __TouchDownApp.swift */,
			);
			path = App;
			sourceTree = "<group>";
		};
		1CDC1A032920626D00B557F5 /* Screen */ = {
			isa = PBXGroup;
			children = (
				1CDC19EC2920604000B557F5 /* ContentView.swift */,
			);
			path = Screen;
			sourceTree = "<group>";
		};
		1CDC1A042920627700B557F5 /* View */ = {
			isa = PBXGroup;
			children = (
				1CDC1A052920628200B557F5 /* Home */,
				1CDC1A062920628800B557F5 /* Detail */,
			);
			path = View;
			sourceTree = "<group>";
		};
		1CDC1A052920628200B557F5 /* Home */ = {
			isa = PBXGroup;
			children = (
				1CDC1A0C2920645E00B557F5 /* FooterView.swift */,
				1C15CADC2921A525006EA8DD /* NavigationBarView.swift */,
				1C15CADE2921A61D006EA8DD /* LogoView.swift */,
			);
			path = Home;
			sourceTree = "<group>";
		};
		1CDC1A062920628800B557F5 /* Detail */ = {
			isa = PBXGroup;
			children = (
			);
			path = Detail;
			sourceTree = "<group>";
		};
		1CDC1A072920629300B557F5 /* Model */ = {
			isa = PBXGroup;
			children = (
			);
			path = Model;
			sourceTree = "<group>";
		};
		1CDC1A082920629E00B557F5 /* Extension */ = {
			isa = PBXGroup;
			children = (
			);
			path = Extension;
			sourceTree = "<group>";
		};
		1CDC1A09292062A600B557F5 /* Utility */ = {
			isa = PBXGroup;
			children = (
				1CDC1A0A292062DE00B557F5 /* Constant.swift */,
			);
			path = Utility;
			sourceTree = "<group>";
		};
/* End PBXGroup section */

/* Begin PBXNativeTarget section */
		1CDC19E62920604000B557F5 /* 5-TouchDown */ = {
			isa = PBXNativeTarget;
			buildConfigurationList = 1CDC19F52920604200B557F5 /* Build configuration list for PBXNativeTarget "5-TouchDown" */;
			buildPhases = (
				1CDC19E32920604000B557F5 /* Sources */,
				1CDC19E42920604000B557F5 /* Frameworks */,
				1CDC19E52920604000B557F5 /* Resources */,
			);
			buildRules = (
			);
			dependencies = (
			);
			name = "5-TouchDown";
			productName = "5-TouchDown";
			productReference = 1CDC19E72920604000B557F5 /* 5-TouchDown.app */;
			productType = "com.apple.product-type.application";
		};
/* End PBXNativeTarget section */

/* Begin PBXProject section */
		1CDC19DF2920604000B557F5 /* Project object */ = {
			isa = PBXProject;
			attributes = {
				BuildIndependentTargetsInParallel = 1;
				LastSwiftUpdateCheck = 1410;
				LastUpgradeCheck = 1410;
				TargetAttributes = {
					1CDC19E62920604000B557F5 = {
						CreatedOnToolsVersion = 14.1;
					};
				};
			};
			buildConfigurationList = 1CDC19E22920604000B557F5 /* Build configuration list for PBXProject "5-TouchDown" */;
			compatibilityVersion = "Xcode 14.0";
			developmentRegion = en;
			hasScannedForEncodings = 0;
			knownRegions = (
				en,
				Base,
			);
			mainGroup = 1CDC19DE2920604000B557F5;
			productRefGroup = 1CDC19E82920604000B557F5 /* Products */;
			projectDirPath = "";
			projectRoot = "";
			targets = (
				1CDC19E62920604000B557F5 /* 5-TouchDown */,
			);
		};
/* End PBXProject section */

/* Begin PBXResourcesBuildPhase section */
		1CDC19E52920604000B557F5 /* Resources */ = {
			isa = PBXResourcesBuildPhase;
			buildActionMask = 2147483647;
			files = (
				1CDC19FD2920616F00B557F5 /* player.json in Resources */,
				1CDC19FE2920616F00B557F5 /* brand.json in Resources */,
				1CDC19F22920604200B557F5 /* Preview Assets.xcassets in Resources */,
				1CDC1A002920616F00B557F5 /* category.json in Resources */,
				1CDC19EF2920604200B557F5 /* Assets.xcassets in Resources */,
				1CDC19FF2920616F00B557F5 /* product.json in Resources */,
			);
			runOnlyForDeploymentPostprocessing = 0;
		};
/* End PBXResourcesBuildPhase section */

/* Begin PBXSourcesBuildPhase section */
		1CDC19E32920604000B557F5 /* Sources */ = {
			isa = PBXSourcesBuildPhase;
			buildActionMask = 2147483647;
			files = (
				1CDC19ED2920604000B557F5 /* ContentView.swift in Sources */,
				1C15CADF2921A61D006EA8DD /* LogoView.swift in Sources */,
				1CDC1A0D2920645E00B557F5 /* FooterView.swift in Sources */,
				1CDC19EB2920604000B557F5 /* __TouchDownApp.swift in Sources */,
				1CDC1A0B292062DE00B557F5 /* Constant.swift in Sources */,
				1C15CADD2921A525006EA8DD /* NavigationBarView.swift in Sources */,
			);
			runOnlyForDeploymentPostprocessing = 0;
		};
/* End PBXSourcesBuildPhase section */

/* Begin XCBuildConfiguration section */
		1CDC19F32920604200B557F5 /* Debug */ = {
			isa = XCBuildConfiguration;
			buildSettings = {
				ALWAYS_SEARCH_USER_PATHS = NO;
				CLANG_ANALYZER_NONNULL = YES;
				CLANG_ANALYZER_NUMBER_OBJECT_CONVERSION = YES_AGGRESSIVE;
				CLANG_CXX_LANGUAGE_STANDARD = "gnu++20";
				CLANG_ENABLE_MODULES = YES;
				CLANG_ENABLE_OBJC_ARC = YES;
				CLANG_ENABLE_OBJC_WEAK = YES;
				CLANG_WARN_BLOCK_CAPTURE_AUTORELEASING = YES;
				CLANG_WARN_BOOL_CONVERSION = YES;
				CLANG_WARN_COMMA = YES;
				CLANG_WARN_CONSTANT_CONVERSION = YES;
				CLANG_WARN_DEPRECATED_OBJC_IMPLEMENTATIONS = YES;
				CLANG_WARN_DIRECT_OBJC_ISA_USAGE = YES_ERROR;
				CLANG_WARN_DOCUMENTATION_COMMENTS = YES;
				CLANG_WARN_EMPTY_BODY = YES;
				CLANG_WARN_ENUM_CONVERSION = YES;
				CLANG_WARN_INFINITE_RECURSION = YES;
				CLANG_WARN_INT_CONVERSION = YES;
				CLANG_WARN_NON_LITERAL_NULL_CONVERSION = YES;
				CLANG_WARN_OBJC_IMPLICIT_RETAIN_SELF = YES;
				CLANG_WARN_OBJC_LITERAL_CONVERSION = YES;
				CLANG_WARN_OBJC_ROOT_CLASS = YES_ERROR;
				CLANG_WARN_QUOTED_INCLUDE_IN_FRAMEWORK_HEADER = YES;
				CLANG_WARN_RANGE_LOOP_ANALYSIS = YES;
				CLANG_WARN_STRICT_PROTOTYPES = YES;
				CLANG_WARN_SUSPICIOUS_MOVE = YES;
				CLANG_WARN_UNGUARDED_AVAILABILITY = YES_AGGRESSIVE;
				CLANG_WARN_UNREACHABLE_CODE = YES;
				CLANG_WARN__DUPLICATE_METHOD_MATCH = YES;
				COPY_PHASE_STRIP = NO;
				DEBUG_INFORMATION_FORMAT = dwarf;
				ENABLE_STRICT_OBJC_MSGSEND = YES;
				ENABLE_TESTABILITY = YES;
				GCC_C_LANGUAGE_STANDARD = gnu11;
				GCC_DYNAMIC_NO_PIC = NO;
				GCC_NO_COMMON_BLOCKS = YES;
				GCC_OPTIMIZATION_LEVEL = 0;
				GCC_PREPROCESSOR_DEFINITIONS = (
					"DEBUG=1",
					"$(inherited)",
				);
				GCC_WARN_64_TO_32_BIT_CONVERSION = YES;
				GCC_WARN_ABOUT_RETURN_TYPE = YES_ERROR;
				GCC_WARN_UNDECLARED_SELECTOR = YES;
				GCC_WARN_UNINITIALIZED_AUTOS = YES_AGGRESSIVE;
				GCC_WARN_UNUSED_FUNCTION = YES;
				GCC_WARN_UNUSED_VARIABLE = YES;
				IPHONEOS_DEPLOYMENT_TARGET = 16.1;
				MTL_ENABLE_DEBUG_INFO = INCLUDE_SOURCE;
				MTL_FAST_MATH = YES;
				ONLY_ACTIVE_ARCH = YES;
				SDKROOT = iphoneos;
				SWIFT_ACTIVE_COMPILATION_CONDITIONS = DEBUG;
				SWIFT_OPTIMIZATION_LEVEL = "-Onone";
			};
			name = Debug;
		};
		1CDC19F42920604200B557F5 /* Release */ = {
			isa = XCBuildConfiguration;
			buildSettings = {
				ALWAYS_SEARCH_USER_PATHS = NO;
				CLANG_ANALYZER_NONNULL = YES;
				CLANG_ANALYZER_NUMBER_OBJECT_CONVERSION = YES_AGGRESSIVE;
				CLANG_CXX_LANGUAGE_STANDARD = "gnu++20";
				CLANG_ENABLE_MODULES = YES;
				CLANG_ENABLE_OBJC_ARC = YES;
				CLANG_ENABLE_OBJC_WEAK = YES;
				CLANG_WARN_BLOCK_CAPTURE_AUTORELEASING = YES;
				CLANG_WARN_BOOL_CONVERSION = YES;
				CLANG_WARN_COMMA = YES;
				CLANG_WARN_CONSTANT_CONVERSION = YES;
				CLANG_WARN_DEPRECATED_OBJC_IMPLEMENTATIONS = YES;
				CLANG_WARN_DIRECT_OBJC_ISA_USAGE = YES_ERROR;
				CLANG_WARN_DOCUMENTATION_COMMENTS = YES;
				CLANG_WARN_EMPTY_BODY = YES;
				CLANG_WARN_ENUM_CONVERSION = YES;
				CLANG_WARN_INFINITE_RECURSION = YES;
				CLANG_WARN_INT_CONVERSION = YES;
				CLANG_WARN_NON_LITERAL_NULL_CONVERSION = YES;
				CLANG_WARN_OBJC_IMPLICIT_RETAIN_SELF = YES;
				CLANG_WARN_OBJC_LITERAL_CONVERSION = YES;
				CLANG_WARN_OBJC_ROOT_CLASS = YES_ERROR;
				CLANG_WARN_QUOTED_INCLUDE_IN_FRAMEWORK_HEADER = YES;
				CLANG_WARN_RANGE_LOOP_ANALYSIS = YES;
				CLANG_WARN_STRICT_PROTOTYPES = YES;
				CLANG_WARN_SUSPICIOUS_MOVE = YES;
				CLANG_WARN_UNGUARDED_AVAILABILITY = YES_AGGRESSIVE;
				CLANG_WARN_UNREACHABLE_CODE = YES;
				CLANG_WARN__DUPLICATE_METHOD_MATCH = YES;
				COPY_PHASE_STRIP = NO;
				DEBUG_INFORMATION_FORMAT = "dwarf-with-dsym";
				ENABLE_NS_ASSERTIONS = NO;
				ENABLE_STRICT_OBJC_MSGSEND = YES;
				GCC_C_LANGUAGE_STANDARD = gnu11;
				GCC_NO_COMMON_BLOCKS = YES;
				GCC_WARN_64_TO_32_BIT_CONVERSION = YES;
				GCC_WARN_ABOUT_RETURN_TYPE = YES_ERROR;
				GCC_WARN_UNDECLARED_SELECTOR = YES;
				GCC_WARN_UNINITIALIZED_AUTOS = YES_AGGRESSIVE;
				GCC_WARN_UNUSED_FUNCTION = YES;
				GCC_WARN_UNUSED_VARIABLE = YES;
				IPHONEOS_DEPLOYMENT_TARGET = 16.1;
				MTL_ENABLE_DEBUG_INFO = NO;
				MTL_FAST_MATH = YES;
				SDKROOT = iphoneos;
				SWIFT_COMPILATION_MODE = wholemodule;
				SWIFT_OPTIMIZATION_LEVEL = "-O";
				VALIDATE_PRODUCT = YES;
			};
			name = Release;
		};
		1CDC19F62920604200B557F5 /* Debug */ = {
			isa = XCBuildConfiguration;
			buildSettings = {
				ASSETCATALOG_COMPILER_APPICON_NAME = AppIcon;
				ASSETCATALOG_COMPILER_GLOBAL_ACCENT_COLOR_NAME = AccentColor;
				CODE_SIGN_STYLE = Automatic;
				CURRENT_PROJECT_VERSION = 1;
				DEVELOPMENT_ASSET_PATHS = "\"5-TouchDown/Preview Content\"";
				DEVELOPMENT_TEAM = 7ACYB84PE5;
				ENABLE_PREVIEWS = YES;
				GENERATE_INFOPLIST_FILE = YES;
				INFOPLIST_FILE = "--TouchDown-Info.plist";
				INFOPLIST_KEY_UIApplicationSceneManifest_Generation = YES;
				INFOPLIST_KEY_UIApplicationSupportsIndirectInputEvents = YES;
				INFOPLIST_KEY_UISupportedInterfaceOrientations = UIInterfaceOrientationPortrait;
				INFOPLIST_KEY_UISupportedInterfaceOrientations_iPad = "UIInterfaceOrientationPortrait UIInterfaceOrientationPortraitUpsideDown";
				INFOPLIST_KEY_UIUserInterfaceStyle = Light;
				IPHONEOS_DEPLOYMENT_TARGET = 15.0;
				LD_RUNPATH_SEARCH_PATHS = (
					"$(inherited)",
					"@executable_path/Frameworks",
				);
				MARKETING_VERSION = 1.0;
				PRODUCT_BUNDLE_IDENTIFIER = "com.giangbb.ios.--TouchDown";
				PRODUCT_NAME = "$(TARGET_NAME)";
				SWIFT_EMIT_LOC_STRINGS = YES;
				SWIFT_VERSION = 5.0;
				TARGETED_DEVICE_FAMILY = "1,2";
			};
			name = Debug;
		};
		1CDC19F72920604200B557F5 /* Release */ = {
			isa = XCBuildConfiguration;
			buildSettings = {
				ASSETCATALOG_COMPILER_APPICON_NAME = AppIcon;
				ASSETCATALOG_COMPILER_GLOBAL_ACCENT_COLOR_NAME = AccentColor;
				CODE_SIGN_STYLE = Automatic;
				CURRENT_PROJECT_VERSION = 1;
				DEVELOPMENT_ASSET_PATHS = "\"5-TouchDown/Preview Content\"";
				DEVELOPMENT_TEAM = 7ACYB84PE5;
				ENABLE_PREVIEWS = YES;
				GENERATE_INFOPLIST_FILE = YES;
				INFOPLIST_FILE = "--TouchDown-Info.plist";
				INFOPLIST_KEY_UIApplicationSceneManifest_Generation = YES;
				INFOPLIST_KEY_UIApplicationSupportsIndirectInputEvents = YES;
				INFOPLIST_KEY_UISupportedInterfaceOrientations = UIInterfaceOrientationPortrait;
				INFOPLIST_KEY_UISupportedInterfaceOrientations_iPad = "UIInterfaceOrientationPortrait UIInterfaceOrientationPortraitUpsideDown";
				INFOPLIST_KEY_UIUserInterfaceStyle = Light;
				IPHONEOS_DEPLOYMENT_TARGET = 15.0;
				LD_RUNPATH_SEARCH_PATHS = (
					"$(inherited)",
					"@executable_path/Frameworks",
				);
				MARKETING_VERSION = 1.0;
				PRODUCT_BUNDLE_IDENTIFIER = "com.giangbb.ios.--TouchDown";
				PRODUCT_NAME = "$(TARGET_NAME)";
				SWIFT_EMIT_LOC_STRINGS = YES;
				SWIFT_VERSION = 5.0;
				TARGETED_DEVICE_FAMILY = "1,2";
			};
			name = Release;
		};
/* End XCBuildConfiguration section */

/* Begin XCConfigurationList section */
		1CDC19E22920604000B557F5 /* Build configuration list for PBXProject "5-TouchDown" */ = {
			isa = XCConfigurationList;
			buildConfigurations = (
				1CDC19F32920604200B557F5 /* Debug */,
				1CDC19F42920604200B557F5 /* Release */,
			);
			defaultConfigurationIsVisible = 0;
			defaultConfigurationName = Release;
		};
		1CDC19F52920604200B557F5 /* Build configuration list for PBXNativeTarget "5-TouchDown" */ = {
			isa = XCConfigurationList;
			buildConfigurations = (
				1CDC19F62920604200B557F5 /* Debug */,
				1CDC19F72920604200B557F5 /* Release */,
			);
			defaultConfigurationIsVisible = 0;
			defaultConfigurationName = Release;
		};
/* End XCConfigurationList section */
	};
	rootObject = 1CDC19DF2920604000B557F5 /* Project object */;
}
