// !$*UTF8*$!
{
	archiveVersion = 1;
	classes = {
	};
	objectVersion = 56;
	objects = {

/* Begin PBXBuildFile section */
		A3862115292B615500DA1D1D /* __LearnByDoingApp.swift in Sources */ = {isa = PBXBuildFile; fileRef = A3862114292B615500DA1D1D /* __LearnByDoingApp.swift */; };
		A3862117292B615500DA1D1D /* ContentView.swift in Sources */ = {isa = PBXBuildFile; fileRef = A3862116292B615500DA1D1D /* ContentView.swift */; };
		A3862119292B615600DA1D1D /* Assets.xcassets in Resources */ = {isa = PBXBuildFile; fileRef = A3862118292B615600DA1D1D /* Assets.xcassets */; };
		A386211C292B615600DA1D1D /* Preview Assets.xcassets in Resources */ = {isa = PBXBuildFile; fileRef = A386211B292B615600DA1D1D /* Preview Assets.xcassets */; };
		A3862127292B67FB00DA1D1D /* CardView.swift in Sources */ = {isa = PBXBuildFile; fileRef = A3862126292B67FB00DA1D1D /* CardView.swift */; };
		A386212A292B6F9000DA1D1D /* CardModel.swift in Sources */ = {isa = PBXBuildFile; fileRef = A3862129292B6F9000DA1D1D /* CardModel.swift */; };
		A386212D292B70A800DA1D1D /* CardData.swift in Sources */ = {isa = PBXBuildFile; fileRef = A386212C292B70A800DA1D1D /* CardData.swift */; };
		A386212F292B738C00DA1D1D /* sound-chime.mp3 in Resources */ = {isa = PBXBuildFile; fileRef = A386212E292B738C00DA1D1D /* sound-chime.mp3 */; };
		A3862132292B73B500DA1D1D /* PlaySound.swift in Sources */ = {isa = PBXBuildFile; fileRef = A3862131292B73B500DA1D1D /* PlaySound.swift */; };
		A3862138292B79D500DA1D1D /* Stickers.xcassets in Resources */ = {isa = PBXBuildFile; fileRef = A3862137292B79D500DA1D1D /* Stickers.xcassets */; };
		A386213C292B79D500DA1D1D /* 8-stickers.appex in Embed Foundation Extensions */ = {isa = PBXBuildFile; fileRef = A3862135292B79D400DA1D1D /* 8-stickers.appex */; settings = {ATTRIBUTES = (RemoveHeadersOnCopy, ); }; };
/* End PBXBuildFile section */

/* Begin PBXContainerItemProxy section */
		A386213A292B79D500DA1D1D /* PBXContainerItemProxy */ = {
			isa = PBXContainerItemProxy;
			containerPortal = A3862109292B615500DA1D1D /* Project object */;
			proxyType = 1;
			remoteGlobalIDString = A3862134292B79D400DA1D1D;
			remoteInfo = "8-stickers";
		};
/* End PBXContainerItemProxy section */

/* Begin PBXCopyFilesBuildPhase section */
		A3862140292B79D500DA1D1D /* Embed Foundation Extensions */ = {
			isa = PBXCopyFilesBuildPhase;
			buildActionMask = 2147483647;
			dstPath = "";
			dstSubfolderSpec = 13;
			files = (
				A386213C292B79D500DA1D1D /* 8-stickers.appex in Embed Foundation Extensions */,
			);
			name = "Embed Foundation Extensions";
			runOnlyForDeploymentPostprocessing = 0;
		};
/* End PBXCopyFilesBuildPhase section */

/* Begin PBXFileReference section */
		A3862111292B615500DA1D1D /* 8-LearnByDoing.app */ = {isa = PBXFileReference; explicitFileType = wrapper.application; includeInIndex = 0; path = "8-LearnByDoing.app"; sourceTree = BUILT_PRODUCTS_DIR; };
		A3862114292B615500DA1D1D /* __LearnByDoingApp.swift */ = {isa = PBXFileReference; lastKnownFileType = sourcecode.swift; path = __LearnByDoingApp.swift; sourceTree = "<group>"; };
		A3862116292B615500DA1D1D /* ContentView.swift */ = {isa = PBXFileReference; lastKnownFileType = sourcecode.swift; path = ContentView.swift; sourceTree = "<group>"; };
		A3862118292B615600DA1D1D /* Assets.xcassets */ = {isa = PBXFileReference; lastKnownFileType = folder.assetcatalog; path = Assets.xcassets; sourceTree = "<group>"; };
		A386211B292B615600DA1D1D /* Preview Assets.xcassets */ = {isa = PBXFileReference; lastKnownFileType = folder.assetcatalog; path = "Preview Assets.xcassets"; sourceTree = "<group>"; };
		A3862122292B642100DA1D1D /* --LearnByDoing-Info.plist */ = {isa = PBXFileReference; lastKnownFileType = text.plist; path = "--LearnByDoing-Info.plist"; sourceTree = SOURCE_ROOT; };
		A3862126292B67FB00DA1D1D /* CardView.swift */ = {isa = PBXFileReference; lastKnownFileType = sourcecode.swift; path = CardView.swift; sourceTree = "<group>"; };
		A3862129292B6F9000DA1D1D /* CardModel.swift */ = {isa = PBXFileReference; lastKnownFileType = sourcecode.swift; path = CardModel.swift; sourceTree = "<group>"; };
		A386212C292B70A800DA1D1D /* CardData.swift */ = {isa = PBXFileReference; lastKnownFileType = sourcecode.swift; path = CardData.swift; sourceTree = "<group>"; };
		A386212E292B738C00DA1D1D /* sound-chime.mp3 */ = {isa = PBXFileReference; lastKnownFileType = audio.mp3; path = "sound-chime.mp3"; sourceTree = "<group>"; };
		A3862131292B73B500DA1D1D /* PlaySound.swift */ = {isa = PBXFileReference; lastKnownFileType = sourcecode.swift; path = PlaySound.swift; sourceTree = "<group>"; };
		A3862135292B79D400DA1D1D /* 8-stickers.appex */ = {isa = PBXFileReference; explicitFileType = "wrapper.app-extension"; includeInIndex = 0; path = "8-stickers.appex"; sourceTree = BUILT_PRODUCTS_DIR; };
		A3862137292B79D500DA1D1D /* Stickers.xcassets */ = {isa = PBXFileReference; lastKnownFileType = folder.assetcatalog; path = Stickers.xcassets; sourceTree = "<group>"; };
		A3862139292B79D500DA1D1D /* Info.plist */ = {isa = PBXFileReference; lastKnownFileType = text.plist.xml; path = Info.plist; sourceTree = "<group>"; };
/* End PBXFileReference section */

/* Begin PBXFrameworksBuildPhase section */
		A386210E292B615500DA1D1D /* Frameworks */ = {
			isa = PBXFrameworksBuildPhase;
			buildActionMask = 2147483647;
			files = (
			);
			runOnlyForDeploymentPostprocessing = 0;
		};
/* End PBXFrameworksBuildPhase section */

/* Begin PBXGroup section */
		A3862108292B615500DA1D1D = {
			isa = PBXGroup;
			children = (
				A3862113292B615500DA1D1D /* 8-LearnByDoing */,
				A3862136292B79D400DA1D1D /* 8-stickers */,
				A3862112292B615500DA1D1D /* Products */,
			);
			sourceTree = "<group>";
		};
		A3862112292B615500DA1D1D /* Products */ = {
			isa = PBXGroup;
			children = (
				A3862111292B615500DA1D1D /* 8-LearnByDoing.app */,
				A3862135292B79D400DA1D1D /* 8-stickers.appex */,
			);
			name = Products;
			sourceTree = "<group>";
		};
		A3862113292B615500DA1D1D /* 8-LearnByDoing */ = {
			isa = PBXGroup;
			children = (
				A3862122292B642100DA1D1D /* --LearnByDoing-Info.plist */,
				A386212E292B738C00DA1D1D /* sound-chime.mp3 */,
				A3862130292B73AA00DA1D1D /* Util */,
				A386212B292B709500DA1D1D /* Data */,
				A3862128292B6EF800DA1D1D /* Model */,
				A3862124292B67E400DA1D1D /* App */,
				A3862125292B67E900DA1D1D /* View */,
				A3862123292B67D500DA1D1D /* Scene */,
				A3862118292B615600DA1D1D /* Assets.xcassets */,
				A386211A292B615600DA1D1D /* Preview Content */,
			);
			path = "8-LearnByDoing";
			sourceTree = "<group>";
		};
		A386211A292B615600DA1D1D /* Preview Content */ = {
			isa = PBXGroup;
			children = (
				A386211B292B615600DA1D1D /* Preview Assets.xcassets */,
			);
			path = "Preview Content";
			sourceTree = "<group>";
		};
		A3862123292B67D500DA1D1D /* Scene */ = {
			isa = PBXGroup;
			children = (
				A3862116292B615500DA1D1D /* ContentView.swift */,
			);
			path = Scene;
			sourceTree = "<group>";
		};
		A3862124292B67E400DA1D1D /* App */ = {
			isa = PBXGroup;
			children = (
				A3862114292B615500DA1D1D /* __LearnByDoingApp.swift */,
			);
			path = App;
			sourceTree = "<group>";
		};
		A3862125292B67E900DA1D1D /* View */ = {
			isa = PBXGroup;
			children = (
				A3862126292B67FB00DA1D1D /* CardView.swift */,
			);
			path = View;
			sourceTree = "<group>";
		};
		A3862128292B6EF800DA1D1D /* Model */ = {
			isa = PBXGroup;
			children = (
				A3862129292B6F9000DA1D1D /* CardModel.swift */,
			);
			path = Model;
			sourceTree = "<group>";
		};
		A386212B292B709500DA1D1D /* Data */ = {
			isa = PBXGroup;
			children = (
				A386212C292B70A800DA1D1D /* CardData.swift */,
			);
			path = Data;
			sourceTree = "<group>";
		};
		A3862130292B73AA00DA1D1D /* Util */ = {
			isa = PBXGroup;
			children = (
				A3862131292B73B500DA1D1D /* PlaySound.swift */,
			);
			path = Util;
			sourceTree = "<group>";
		};
		A3862136292B79D400DA1D1D /* 8-stickers */ = {
			isa = PBXGroup;
			children = (
				A3862137292B79D500DA1D1D /* Stickers.xcassets */,
				A3862139292B79D500DA1D1D /* Info.plist */,
			);
			path = "8-stickers";
			sourceTree = "<group>";
		};
/* End PBXGroup section */

/* Begin PBXNativeTarget section */
		A3862110292B615500DA1D1D /* 8-LearnByDoing */ = {
			isa = PBXNativeTarget;
			buildConfigurationList = A386211F292B615600DA1D1D /* Build configuration list for PBXNativeTarget "8-LearnByDoing" */;
			buildPhases = (
				A386210D292B615500DA1D1D /* Sources */,
				A386210E292B615500DA1D1D /* Frameworks */,
				A386210F292B615500DA1D1D /* Resources */,
				A3862140292B79D500DA1D1D /* Embed Foundation Extensions */,
			);
			buildRules = (
			);
			dependencies = (
				A386213B292B79D500DA1D1D /* PBXTargetDependency */,
			);
			name = "8-LearnByDoing";
			productName = "8-LearnByDoing";
			productReference = A3862111292B615500DA1D1D /* 8-LearnByDoing.app */;
			productType = "com.apple.product-type.application";
		};
		A3862134292B79D400DA1D1D /* 8-stickers */ = {
			isa = PBXNativeTarget;
			buildConfigurationList = A386213D292B79D500DA1D1D /* Build configuration list for PBXNativeTarget "8-stickers" */;
			buildPhases = (
				A3862133292B79D400DA1D1D /* Resources */,
			);
			buildRules = (
			);
			dependencies = (
			);
			name = "8-stickers";
			productName = "8-stickers";
			productReference = A3862135292B79D400DA1D1D /* 8-stickers.appex */;
			productType = "com.apple.product-type.app-extension.messages-sticker-pack";
		};
/* End PBXNativeTarget section */

/* Begin PBXProject section */
		A3862109292B615500DA1D1D /* Project object */ = {
			isa = PBXProject;
			attributes = {
				BuildIndependentTargetsInParallel = 1;
				LastSwiftUpdateCheck = 1410;
				LastUpgradeCheck = 1410;
				TargetAttributes = {
					A3862110292B615500DA1D1D = {
						CreatedOnToolsVersion = 14.1;
					};
					A3862134292B79D400DA1D1D = {
						CreatedOnToolsVersion = 14.1;
					};
				};
			};
			buildConfigurationList = A386210C292B615500DA1D1D /* Build configuration list for PBXProject "8-LearnByDoing" */;
			compatibilityVersion = "Xcode 14.0";
			developmentRegion = en;
			hasScannedForEncodings = 0;
			knownRegions = (
				en,
				Base,
			);
			mainGroup = A3862108292B615500DA1D1D;
			productRefGroup = A3862112292B615500DA1D1D /* Products */;
			projectDirPath = "";
			projectRoot = "";
			targets = (
				A3862110292B615500DA1D1D /* 8-LearnByDoing */,
				A3862134292B79D400DA1D1D /* 8-stickers */,
			);
		};
/* End PBXProject section */

/* Begin PBXResourcesBuildPhase section */
		A386210F292B615500DA1D1D /* Resources */ = {
			isa = PBXResourcesBuildPhase;
			buildActionMask = 2147483647;
			files = (
				A386211C292B615600DA1D1D /* Preview Assets.xcassets in Resources */,
				A386212F292B738C00DA1D1D /* sound-chime.mp3 in Resources */,
				A3862119292B615600DA1D1D /* Assets.xcassets in Resources */,
			);
			runOnlyForDeploymentPostprocessing = 0;
		};
		A3862133292B79D400DA1D1D /* Resources */ = {
			isa = PBXResourcesBuildPhase;
			buildActionMask = 2147483647;
			files = (
				A3862138292B79D500DA1D1D /* Stickers.xcassets in Resources */,
			);
			runOnlyForDeploymentPostprocessing = 0;
		};
/* End PBXResourcesBuildPhase section */

/* Begin PBXSourcesBuildPhase section */
		A386210D292B615500DA1D1D /* Sources */ = {
			isa = PBXSourcesBuildPhase;
			buildActionMask = 2147483647;
			files = (
				A386212D292B70A800DA1D1D /* CardData.swift in Sources */,
				A3862132292B73B500DA1D1D /* PlaySound.swift in Sources */,
				A3862117292B615500DA1D1D /* ContentView.swift in Sources */,
				A386212A292B6F9000DA1D1D /* CardModel.swift in Sources */,
				A3862127292B67FB00DA1D1D /* CardView.swift in Sources */,
				A3862115292B615500DA1D1D /* __LearnByDoingApp.swift in Sources */,
			);
			runOnlyForDeploymentPostprocessing = 0;
		};
/* End PBXSourcesBuildPhase section */

/* Begin PBXTargetDependency section */
		A386213B292B79D500DA1D1D /* PBXTargetDependency */ = {
			isa = PBXTargetDependency;
			target = A3862134292B79D400DA1D1D /* 8-stickers */;
			targetProxy = A386213A292B79D500DA1D1D /* PBXContainerItemProxy */;
		};
/* End PBXTargetDependency section */

/* Begin XCBuildConfiguration section */
		A386211D292B615600DA1D1D /* Debug */ = {
			isa = XCBuildConfiguration;
			buildSettings = {
				ALWAYS_SEARCH_USER_PATHS = NO;
				CLANG_ANALYZER_NONNULL = YES;
				CLANG_ANALYZER_NUMBER_OBJECT_CONVERSION = YES_AGGRESSIVE;
				CLANG_CXX_LANGUAGE_STANDARD = "gnu++20";
				CLANG_ENABLE_MODULES = YES;
				CLANG_ENABLE_OBJC_ARC = YES;
				CLANG_ENABLE_OBJC_WEAK = YES;
				CLANG_WARN_BLOCK_CAPTURE_AUTORELEASING = YES;
				CLANG_WARN_BOOL_CONVERSION = YES;
				CLANG_WARN_COMMA = YES;
				CLANG_WARN_CONSTANT_CONVERSION = YES;
				CLANG_WARN_DEPRECATED_OBJC_IMPLEMENTATIONS = YES;
				CLANG_WARN_DIRECT_OBJC_ISA_USAGE = YES_ERROR;
				CLANG_WARN_DOCUMENTATION_COMMENTS = YES;
				CLANG_WARN_EMPTY_BODY = YES;
				CLANG_WARN_ENUM_CONVERSION = YES;
				CLANG_WARN_INFINITE_RECURSION = YES;
				CLANG_WARN_INT_CONVERSION = YES;
				CLANG_WARN_NON_LITERAL_NULL_CONVERSION = YES;
				CLANG_WARN_OBJC_IMPLICIT_RETAIN_SELF = YES;
				CLANG_WARN_OBJC_LITERAL_CONVERSION = YES;
				CLANG_WARN_OBJC_ROOT_CLASS = YES_ERROR;
				CLANG_WARN_QUOTED_INCLUDE_IN_FRAMEWORK_HEADER = YES;
				CLANG_WARN_RANGE_LOOP_ANALYSIS = YES;
				CLANG_WARN_STRICT_PROTOTYPES = YES;
				CLANG_WARN_SUSPICIOUS_MOVE = YES;
				CLANG_WARN_UNGUARDED_AVAILABILITY = YES_AGGRESSIVE;
				CLANG_WARN_UNREACHABLE_CODE = YES;
				CLANG_WARN__DUPLICATE_METHOD_MATCH = YES;
				COPY_PHASE_STRIP = NO;
				DEBUG_INFORMATION_FORMAT = dwarf;
				ENABLE_STRICT_OBJC_MSGSEND = YES;
				ENABLE_TESTABILITY = YES;
				GCC_C_LANGUAGE_STANDARD = gnu11;
				GCC_DYNAMIC_NO_PIC = NO;
				GCC_NO_COMMON_BLOCKS = YES;
				GCC_OPTIMIZATION_LEVEL = 0;
				GCC_PREPROCESSOR_DEFINITIONS = (
					"DEBUG=1",
					"$(inherited)",
				);
				GCC_WARN_64_TO_32_BIT_CONVERSION = YES;
				GCC_WARN_ABOUT_RETURN_TYPE = YES_ERROR;
				GCC_WARN_UNDECLARED_SELECTOR = YES;
				GCC_WARN_UNINITIALIZED_AUTOS = YES_AGGRESSIVE;
				GCC_WARN_UNUSED_FUNCTION = YES;
				GCC_WARN_UNUSED_VARIABLE = YES;
				IPHONEOS_DEPLOYMENT_TARGET = 16.1;
				MTL_ENABLE_DEBUG_INFO = INCLUDE_SOURCE;
				MTL_FAST_MATH = YES;
				ONLY_ACTIVE_ARCH = YES;
				SDKROOT = iphoneos;
				SWIFT_ACTIVE_COMPILATION_CONDITIONS = DEBUG;
				SWIFT_OPTIMIZATION_LEVEL = "-Onone";
			};
			name = Debug;
		};
		A386211E292B615600DA1D1D /* Release */ = {
			isa = XCBuildConfiguration;
			buildSettings = {
				ALWAYS_SEARCH_USER_PATHS = NO;
				CLANG_ANALYZER_NONNULL = YES;
				CLANG_ANALYZER_NUMBER_OBJECT_CONVERSION = YES_AGGRESSIVE;
				CLANG_CXX_LANGUAGE_STANDARD = "gnu++20";
				CLANG_ENABLE_MODULES = YES;
				CLANG_ENABLE_OBJC_ARC = YES;
				CLANG_ENABLE_OBJC_WEAK = YES;
				CLANG_WARN_BLOCK_CAPTURE_AUTORELEASING = YES;
				CLANG_WARN_BOOL_CONVERSION = YES;
				CLANG_WARN_COMMA = YES;
				CLANG_WARN_CONSTANT_CONVERSION = YES;
				CLANG_WARN_DEPRECATED_OBJC_IMPLEMENTATIONS = YES;
				CLANG_WARN_DIRECT_OBJC_ISA_USAGE = YES_ERROR;
				CLANG_WARN_DOCUMENTATION_COMMENTS = YES;
				CLANG_WARN_EMPTY_BODY = YES;
				CLANG_WARN_ENUM_CONVERSION = YES;
				CLANG_WARN_INFINITE_RECURSION = YES;
				CLANG_WARN_INT_CONVERSION = YES;
				CLANG_WARN_NON_LITERAL_NULL_CONVERSION = YES;
				CLANG_WARN_OBJC_IMPLICIT_RETAIN_SELF = YES;
				CLANG_WARN_OBJC_LITERAL_CONVERSION = YES;
				CLANG_WARN_OBJC_ROOT_CLASS = YES_ERROR;
				CLANG_WARN_QUOTED_INCLUDE_IN_FRAMEWORK_HEADER = YES;
				CLANG_WARN_RANGE_LOOP_ANALYSIS = YES;
				CLANG_WARN_STRICT_PROTOTYPES = YES;
				CLANG_WARN_SUSPICIOUS_MOVE = YES;
				CLANG_WARN_UNGUARDED_AVAILABILITY = YES_AGGRESSIVE;
				CLANG_WARN_UNREACHABLE_CODE = YES;
				CLANG_WARN__DUPLICATE_METHOD_MATCH = YES;
				COPY_PHASE_STRIP = NO;
				DEBUG_INFORMATION_FORMAT = "dwarf-with-dsym";
				ENABLE_NS_ASSERTIONS = NO;
				ENABLE_STRICT_OBJC_MSGSEND = YES;
				GCC_C_LANGUAGE_STANDARD = gnu11;
				GCC_NO_COMMON_BLOCKS = YES;
				GCC_WARN_64_TO_32_BIT_CONVERSION = YES;
				GCC_WARN_ABOUT_RETURN_TYPE = YES_ERROR;
				GCC_WARN_UNDECLARED_SELECTOR = YES;
				GCC_WARN_UNINITIALIZED_AUTOS = YES_AGGRESSIVE;
				GCC_WARN_UNUSED_FUNCTION = YES;
				GCC_WARN_UNUSED_VARIABLE = YES;
				IPHONEOS_DEPLOYMENT_TARGET = 16.1;
				MTL_ENABLE_DEBUG_INFO = NO;
				MTL_FAST_MATH = YES;
				SDKROOT = iphoneos;
				SWIFT_COMPILATION_MODE = wholemodule;
				SWIFT_OPTIMIZATION_LEVEL = "-O";
				VALIDATE_PRODUCT = YES;
			};
			name = Release;
		};
		A3862120292B615600DA1D1D /* Debug */ = {
			isa = XCBuildConfiguration;
			buildSettings = {
				ASSETCATALOG_COMPILER_APPICON_NAME = AppIcon;
				ASSETCATALOG_COMPILER_GLOBAL_ACCENT_COLOR_NAME = AccentColor;
				CODE_SIGN_STYLE = Automatic;
				CURRENT_PROJECT_VERSION = 1;
				DEVELOPMENT_ASSET_PATHS = "\"8-LearnByDoing/Preview Content\"";
				DEVELOPMENT_TEAM = 7ACYB84PE5;
				ENABLE_PREVIEWS = YES;
				GENERATE_INFOPLIST_FILE = YES;
				INFOPLIST_FILE = "--LearnByDoing-Info.plist";
				INFOPLIST_KEY_UIApplicationSceneManifest_Generation = YES;
				INFOPLIST_KEY_UIApplicationSupportsIndirectInputEvents = YES;
				INFOPLIST_KEY_UISupportedInterfaceOrientations = UIInterfaceOrientationPortrait;
				INFOPLIST_KEY_UISupportedInterfaceOrientations_iPad = "UIInterfaceOrientationPortrait UIInterfaceOrientationPortraitUpsideDown";
				LD_RUNPATH_SEARCH_PATHS = (
					"$(inherited)",
					"@executable_path/Frameworks",
				);
				MARKETING_VERSION = 1.0;
				PRODUCT_BUNDLE_IDENTIFIER = "com.giangbb.ios.--LearnByDoing";
				PRODUCT_NAME = "$(TARGET_NAME)";
				SWIFT_EMIT_LOC_STRINGS = YES;
				SWIFT_VERSION = 5.0;
				TARGETED_DEVICE_FAMILY = "1,2";
			};
			name = Debug;
		};
		A3862121292B615600DA1D1D /* Release */ = {
			isa = XCBuildConfiguration;
			buildSettings = {
				ASSETCATALOG_COMPILER_APPICON_NAME = AppIcon;
				ASSETCATALOG_COMPILER_GLOBAL_ACCENT_COLOR_NAME = AccentColor;
				CODE_SIGN_STYLE = Automatic;
				CURRENT_PROJECT_VERSION = 1;
				DEVELOPMENT_ASSET_PATHS = "\"8-LearnByDoing/Preview Content\"";
				DEVELOPMENT_TEAM = 7ACYB84PE5;
				ENABLE_PREVIEWS = YES;
				GENERATE_INFOPLIST_FILE = YES;
				INFOPLIST_FILE = "--LearnByDoing-Info.plist";
				INFOPLIST_KEY_UIApplicationSceneManifest_Generation = YES;
				INFOPLIST_KEY_UIApplicationSupportsIndirectInputEvents = YES;
				INFOPLIST_KEY_UISupportedInterfaceOrientations = UIInterfaceOrientationPortrait;
				INFOPLIST_KEY_UISupportedInterfaceOrientations_iPad = "UIInterfaceOrientationPortrait UIInterfaceOrientationPortraitUpsideDown";
				LD_RUNPATH_SEARCH_PATHS = (
					"$(inherited)",
					"@executable_path/Frameworks",
				);
				MARKETING_VERSION = 1.0;
				PRODUCT_BUNDLE_IDENTIFIER = "com.giangbb.ios.--LearnByDoing";
				PRODUCT_NAME = "$(TARGET_NAME)";
				SWIFT_EMIT_LOC_STRINGS = YES;
				SWIFT_VERSION = 5.0;
				TARGETED_DEVICE_FAMILY = "1,2";
			};
			name = Release;
		};
		A386213E292B79D500DA1D1D /* Debug */ = {
			isa = XCBuildConfiguration;
			buildSettings = {
				ASSETCATALOG_COMPILER_APPICON_NAME = "iMessage App Icon";
				CODE_SIGN_STYLE = Automatic;
				CURRENT_PROJECT_VERSION = 1;
				DEVELOPMENT_TEAM = 7ACYB84PE5;
				GENERATE_INFOPLIST_FILE = YES;
				INFOPLIST_FILE = "8-stickers/Info.plist";
				INFOPLIST_KEY_CFBundleDisplayName = "Learn By Doing";
				MARKETING_VERSION = 1.0;
				PRODUCT_BUNDLE_IDENTIFIER = "com.giangbb.ios.--LearnByDoing.--stickers";
				PRODUCT_NAME = "$(TARGET_NAME)";
				SKIP_INSTALL = YES;
				SWIFT_EMIT_LOC_STRINGS = YES;
				TARGETED_DEVICE_FAMILY = "1,2";
			};
			name = Debug;
		};
		A386213F292B79D500DA1D1D /* Release */ = {
			isa = XCBuildConfiguration;
			buildSettings = {
				ASSETCATALOG_COMPILER_APPICON_NAME = "iMessage App Icon";
				CODE_SIGN_STYLE = Automatic;
				CURRENT_PROJECT_VERSION = 1;
				DEVELOPMENT_TEAM = 7ACYB84PE5;
				GENERATE_INFOPLIST_FILE = YES;
				INFOPLIST_FILE = "8-stickers/Info.plist";
				INFOPLIST_KEY_CFBundleDisplayName = "Learn By Doing";
				MARKETING_VERSION = 1.0;
				PRODUCT_BUNDLE_IDENTIFIER = "com.giangbb.ios.--LearnByDoing.--stickers";
				PRODUCT_NAME = "$(TARGET_NAME)";
				SKIP_INSTALL = YES;
				SWIFT_EMIT_LOC_STRINGS = YES;
				TARGETED_DEVICE_FAMILY = "1,2";
			};
			name = Release;
		};
/* End XCBuildConfiguration section */

/* Begin XCConfigurationList section */
		A386210C292B615500DA1D1D /* Build configuration list for PBXProject "8-LearnByDoing" */ = {
			isa = XCConfigurationList;
			buildConfigurations = (
				A386211D292B615600DA1D1D /* Debug */,
				A386211E292B615600DA1D1D /* Release */,
			);
			defaultConfigurationIsVisible = 0;
			defaultConfigurationName = Release;
		};
		A386211F292B615600DA1D1D /* Build configuration list for PBXNativeTarget "8-LearnByDoing" */ = {
			isa = XCConfigurationList;
			buildConfigurations = (
				A3862120292B615600DA1D1D /* Debug */,
				A3862121292B615600DA1D1D /* Release */,
			);
			defaultConfigurationIsVisible = 0;
			defaultConfigurationName = Release;
		};
		A386213D292B79D500DA1D1D /* Build configuration list for PBXNativeTarget "8-stickers" */ = {
			isa = XCConfigurationList;
			buildConfigurations = (
				A386213E292B79D500DA1D1D /* Debug */,
				A386213F292B79D500DA1D1D /* Release */,
			);
			defaultConfigurationIsVisible = 0;
			defaultConfigurationName = Release;
		};
/* End XCConfigurationList section */
	};
	rootObject = A3862109292B615500DA1D1D /* Project object */;
}
