// !$*UTF8*$!
{
	archiveVersion = 1;
	classes = {
	};
	objectVersion = 56;
	objects = {

/* Begin PBXBuildFile section */
		A36957A829136194007FC904 /* __RestartApp.swift in Sources */ = {isa = PBXBuildFile; fileRef = A36957A729136194007FC904 /* __RestartApp.swift */; };
		A36957AA29136194007FC904 /* ContentView.swift in Sources */ = {isa = PBXBuildFile; fileRef = A36957A929136194007FC904 /* ContentView.swift */; };
		A36957AC29136196007FC904 /* Assets.xcassets in Resources */ = {isa = PBXBuildFile; fileRef = A36957AB29136196007FC904 /* Assets.xcassets */; };
		A36957AF29136196007FC904 /* Preview Assets.xcassets in Resources */ = {isa = PBXBuildFile; fileRef = A36957AE29136196007FC904 /* Preview Assets.xcassets */; };
		A36957B72913622D007FC904 /* chimeup.mp3 in Resources */ = {isa = PBXBuildFile; fileRef = A36957B52913622D007FC904 /* chimeup.mp3 */; };
		A36957B82913622D007FC904 /* success.m4a in Resources */ = {isa = PBXBuildFile; fileRef = A36957B62913622D007FC904 /* success.m4a */; };
		A36957BF29136A39007FC904 /* OnboardingView.swift in Sources */ = {isa = PBXBuildFile; fileRef = A36957BE29136A39007FC904 /* OnboardingView.swift */; };
		A36957C129136A4D007FC904 /* HomeView.swift in Sources */ = {isa = PBXBuildFile; fileRef = A36957C029136A4D007FC904 /* HomeView.swift */; };
		A3FEB29D2914A1570056611F /* CircleGroupView.swift in Sources */ = {isa = PBXBuildFile; fileRef = A3FEB29C2914A1570056611F /* CircleGroupView.swift */; };
/* End PBXBuildFile section */

/* Begin PBXFileReference section */
		A36957A429136194007FC904 /* 1-Restart.app */ = {isa = PBXFileReference; explicitFileType = wrapper.application; includeInIndex = 0; path = "1-Restart.app"; sourceTree = BUILT_PRODUCTS_DIR; };
		A36957A729136194007FC904 /* __RestartApp.swift */ = {isa = PBXFileReference; lastKnownFileType = sourcecode.swift; path = __RestartApp.swift; sourceTree = "<group>"; };
		A36957A929136194007FC904 /* ContentView.swift */ = {isa = PBXFileReference; lastKnownFileType = sourcecode.swift; path = ContentView.swift; sourceTree = "<group>"; };
		A36957AB29136196007FC904 /* Assets.xcassets */ = {isa = PBXFileReference; lastKnownFileType = folder.assetcatalog; path = Assets.xcassets; sourceTree = "<group>"; };
		A36957AE29136196007FC904 /* Preview Assets.xcassets */ = {isa = PBXFileReference; lastKnownFileType = folder.assetcatalog; path = "Preview Assets.xcassets"; sourceTree = "<group>"; };
		A36957B52913622D007FC904 /* chimeup.mp3 */ = {isa = PBXFileReference; lastKnownFileType = audio.mp3; path = chimeup.mp3; sourceTree = "<group>"; };
		A36957B62913622D007FC904 /* success.m4a */ = {isa = PBXFileReference; lastKnownFileType = file; path = success.m4a; sourceTree = "<group>"; };
		A36957BD291369A3007FC904 /* --Restart-Info.plist */ = {isa = PBXFileReference; lastKnownFileType = text.plist; path = "--Restart-Info.plist"; sourceTree = SOURCE_ROOT; };
		A36957BE29136A39007FC904 /* OnboardingView.swift */ = {isa = PBXFileReference; lastKnownFileType = sourcecode.swift; path = OnboardingView.swift; sourceTree = "<group>"; };
		A36957C029136A4D007FC904 /* HomeView.swift */ = {isa = PBXFileReference; lastKnownFileType = sourcecode.swift; path = HomeView.swift; sourceTree = "<group>"; };
		A3FEB29C2914A1570056611F /* CircleGroupView.swift */ = {isa = PBXFileReference; lastKnownFileType = sourcecode.swift; path = CircleGroupView.swift; sourceTree = "<group>"; };
/* End PBXFileReference section */

/* Begin PBXFrameworksBuildPhase section */
		A36957A129136194007FC904 /* Frameworks */ = {
			isa = PBXFrameworksBuildPhase;
			buildActionMask = 2147483647;
			files = (
			);
			runOnlyForDeploymentPostprocessing = 0;
		};
/* End PBXFrameworksBuildPhase section */

/* Begin PBXGroup section */
		A369579B29136194007FC904 = {
			isa = PBXGroup;
			children = (
				A36957A629136194007FC904 /* 1-Restart */,
				A36957A529136194007FC904 /* Products */,
			);
			sourceTree = "<group>";
		};
		A36957A529136194007FC904 /* Products */ = {
			isa = PBXGroup;
			children = (
				A36957A429136194007FC904 /* 1-Restart.app */,
			);
			name = Products;
			sourceTree = "<group>";
		};
		A36957A629136194007FC904 /* 1-Restart */ = {
			isa = PBXGroup;
			children = (
				A36957BD291369A3007FC904 /* --Restart-Info.plist */,
				A36957BC291363BC007FC904 /* Utilities */,
				A36957BB291363A4007FC904 /* Views */,
				A36957B929136239007FC904 /* Sounds */,
				A36957A729136194007FC904 /* __RestartApp.swift */,
				A36957BA29136398007FC904 /* Screens */,
				A36957AB29136196007FC904 /* Assets.xcassets */,
				A36957AD29136196007FC904 /* Preview Content */,
			);
			path = "1-Restart";
			sourceTree = "<group>";
		};
		A36957AD29136196007FC904 /* Preview Content */ = {
			isa = PBXGroup;
			children = (
				A36957AE29136196007FC904 /* Preview Assets.xcassets */,
			);
			path = "Preview Content";
			sourceTree = "<group>";
		};
		A36957B929136239007FC904 /* Sounds */ = {
			isa = PBXGroup;
			children = (
				A36957B52913622D007FC904 /* chimeup.mp3 */,
				A36957B62913622D007FC904 /* success.m4a */,
			);
			path = Sounds;
			sourceTree = "<group>";
		};
		A36957BA29136398007FC904 /* Screens */ = {
			isa = PBXGroup;
			children = (
				A36957A929136194007FC904 /* ContentView.swift */,
				A36957BE29136A39007FC904 /* OnboardingView.swift */,
				A36957C029136A4D007FC904 /* HomeView.swift */,
			);
			path = Screens;
			sourceTree = "<group>";
		};
		A36957BB291363A4007FC904 /* Views */ = {
			isa = PBXGroup;
			children = (
				A3FEB29C2914A1570056611F /* CircleGroupView.swift */,
			);
			path = Views;
			sourceTree = "<group>";
		};
		A36957BC291363BC007FC904 /* Utilities */ = {
			isa = PBXGroup;
			children = (
			);
			path = Utilities;
			sourceTree = "<group>";
		};
/* End PBXGroup section */

/* Begin PBXNativeTarget section */
		A36957A329136194007FC904 /* 1-Restart */ = {
			isa = PBXNativeTarget;
			buildConfigurationList = A36957B229136196007FC904 /* Build configuration list for PBXNativeTarget "1-Restart" */;
			buildPhases = (
				A36957A029136194007FC904 /* Sources */,
				A36957A129136194007FC904 /* Frameworks */,
				A36957A229136194007FC904 /* Resources */,
			);
			buildRules = (
			);
			dependencies = (
			);
			name = "1-Restart";
			productName = "1-Restart";
			productReference = A36957A429136194007FC904 /* 1-Restart.app */;
			productType = "com.apple.product-type.application";
		};
/* End PBXNativeTarget section */

/* Begin PBXProject section */
		A369579C29136194007FC904 /* Project object */ = {
			isa = PBXProject;
			attributes = {
				BuildIndependentTargetsInParallel = 1;
				LastSwiftUpdateCheck = 1400;
				LastUpgradeCheck = 1400;
				TargetAttributes = {
					A36957A329136194007FC904 = {
						CreatedOnToolsVersion = 14.0.1;
					};
				};
			};
			buildConfigurationList = A369579F29136194007FC904 /* Build configuration list for PBXProject "1-Restart" */;
			compatibilityVersion = "Xcode 14.0";
			developmentRegion = en;
			hasScannedForEncodings = 0;
			knownRegions = (
				en,
				Base,
			);
			mainGroup = A369579B29136194007FC904;
			productRefGroup = A36957A529136194007FC904 /* Products */;
			projectDirPath = "";
			projectRoot = "";
			targets = (
				A36957A329136194007FC904 /* 1-Restart */,
			);
		};
/* End PBXProject section */

/* Begin PBXResourcesBuildPhase section */
		A36957A229136194007FC904 /* Resources */ = {
			isa = PBXResourcesBuildPhase;
			buildActionMask = 2147483647;
			files = (
				A36957B82913622D007FC904 /* success.m4a in Resources */,
				A36957B72913622D007FC904 /* chimeup.mp3 in Resources */,
				A36957AF29136196007FC904 /* Preview Assets.xcassets in Resources */,
				A36957AC29136196007FC904 /* Assets.xcassets in Resources */,
			);
			runOnlyForDeploymentPostprocessing = 0;
		};
/* End PBXResourcesBuildPhase section */

/* Begin PBXSourcesBuildPhase section */
		A36957A029136194007FC904 /* Sources */ = {
			isa = PBXSourcesBuildPhase;
			buildActionMask = 2147483647;
			files = (
				A3FEB29D2914A1570056611F /* CircleGroupView.swift in Sources */,
				A36957BF29136A39007FC904 /* OnboardingView.swift in Sources */,
				A36957C129136A4D007FC904 /* HomeView.swift in Sources */,
				A36957AA29136194007FC904 /* ContentView.swift in Sources */,
				A36957A829136194007FC904 /* __RestartApp.swift in Sources */,
			);
			runOnlyForDeploymentPostprocessing = 0;
		};
/* End PBXSourcesBuildPhase section */

/* Begin XCBuildConfiguration section */
		A36957B029136196007FC904 /* Debug */ = {
			isa = XCBuildConfiguration;
			buildSettings = {
				ALWAYS_SEARCH_USER_PATHS = NO;
				CLANG_ANALYZER_NONNULL = YES;
				CLANG_ANALYZER_NUMBER_OBJECT_CONVERSION = YES_AGGRESSIVE;
				CLANG_CXX_LANGUAGE_STANDARD = "gnu++20";
				CLANG_ENABLE_MODULES = YES;
				CLANG_ENABLE_OBJC_ARC = YES;
				CLANG_ENABLE_OBJC_WEAK = YES;
				CLANG_WARN_BLOCK_CAPTURE_AUTORELEASING = YES;
				CLANG_WARN_BOOL_CONVERSION = YES;
				CLANG_WARN_COMMA = YES;
				CLANG_WARN_CONSTANT_CONVERSION = YES;
				CLANG_WARN_DEPRECATED_OBJC_IMPLEMENTATIONS = YES;
				CLANG_WARN_DIRECT_OBJC_ISA_USAGE = YES_ERROR;
				CLANG_WARN_DOCUMENTATION_COMMENTS = YES;
				CLANG_WARN_EMPTY_BODY = YES;
				CLANG_WARN_ENUM_CONVERSION = YES;
				CLANG_WARN_INFINITE_RECURSION = YES;
				CLANG_WARN_INT_CONVERSION = YES;
				CLANG_WARN_NON_LITERAL_NULL_CONVERSION = YES;
				CLANG_WARN_OBJC_IMPLICIT_RETAIN_SELF = YES;
				CLANG_WARN_OBJC_LITERAL_CONVERSION = YES;
				CLANG_WARN_OBJC_ROOT_CLASS = YES_ERROR;
				CLANG_WARN_QUOTED_INCLUDE_IN_FRAMEWORK_HEADER = YES;
				CLANG_WARN_RANGE_LOOP_ANALYSIS = YES;
				CLANG_WARN_STRICT_PROTOTYPES = YES;
				CLANG_WARN_SUSPICIOUS_MOVE = YES;
				CLANG_WARN_UNGUARDED_AVAILABILITY = YES_AGGRESSIVE;
				CLANG_WARN_UNREACHABLE_CODE = YES;
				CLANG_WARN__DUPLICATE_METHOD_MATCH = YES;
				COPY_PHASE_STRIP = NO;
				DEBUG_INFORMATION_FORMAT = dwarf;
				ENABLE_STRICT_OBJC_MSGSEND = YES;
				ENABLE_TESTABILITY = YES;
				GCC_C_LANGUAGE_STANDARD = gnu11;
				GCC_DYNAMIC_NO_PIC = NO;
				GCC_NO_COMMON_BLOCKS = YES;
				GCC_OPTIMIZATION_LEVEL = 0;
				GCC_PREPROCESSOR_DEFINITIONS = (
					"DEBUG=1",
					"$(inherited)",
				);
				GCC_WARN_64_TO_32_BIT_CONVERSION = YES;
				GCC_WARN_ABOUT_RETURN_TYPE = YES_ERROR;
				GCC_WARN_UNDECLARED_SELECTOR = YES;
				GCC_WARN_UNINITIALIZED_AUTOS = YES_AGGRESSIVE;
				GCC_WARN_UNUSED_FUNCTION = YES;
				GCC_WARN_UNUSED_VARIABLE = YES;
				IPHONEOS_DEPLOYMENT_TARGET = 16.0;
				MTL_ENABLE_DEBUG_INFO = INCLUDE_SOURCE;
				MTL_FAST_MATH = YES;
				ONLY_ACTIVE_ARCH = YES;
				SDKROOT = iphoneos;
				SWIFT_ACTIVE_COMPILATION_CONDITIONS = DEBUG;
				SWIFT_OPTIMIZATION_LEVEL = "-Onone";
			};
			name = Debug;
		};
		A36957B129136196007FC904 /* Release */ = {
			isa = XCBuildConfiguration;
			buildSettings = {
				ALWAYS_SEARCH_USER_PATHS = NO;
				CLANG_ANALYZER_NONNULL = YES;
				CLANG_ANALYZER_NUMBER_OBJECT_CONVERSION = YES_AGGRESSIVE;
				CLANG_CXX_LANGUAGE_STANDARD = "gnu++20";
				CLANG_ENABLE_MODULES = YES;
				CLANG_ENABLE_OBJC_ARC = YES;
				CLANG_ENABLE_OBJC_WEAK = YES;
				CLANG_WARN_BLOCK_CAPTURE_AUTORELEASING = YES;
				CLANG_WARN_BOOL_CONVERSION = YES;
				CLANG_WARN_COMMA = YES;
				CLANG_WARN_CONSTANT_CONVERSION = YES;
				CLANG_WARN_DEPRECATED_OBJC_IMPLEMENTATIONS = YES;
				CLANG_WARN_DIRECT_OBJC_ISA_USAGE = YES_ERROR;
				CLANG_WARN_DOCUMENTATION_COMMENTS = YES;
				CLANG_WARN_EMPTY_BODY = YES;
				CLANG_WARN_ENUM_CONVERSION = YES;
				CLANG_WARN_INFINITE_RECURSION = YES;
				CLANG_WARN_INT_CONVERSION = YES;
				CLANG_WARN_NON_LITERAL_NULL_CONVERSION = YES;
				CLANG_WARN_OBJC_IMPLICIT_RETAIN_SELF = YES;
				CLANG_WARN_OBJC_LITERAL_CONVERSION = YES;
				CLANG_WARN_OBJC_ROOT_CLASS = YES_ERROR;
				CLANG_WARN_QUOTED_INCLUDE_IN_FRAMEWORK_HEADER = YES;
				CLANG_WARN_RANGE_LOOP_ANALYSIS = YES;
				CLANG_WARN_STRICT_PROTOTYPES = YES;
				CLANG_WARN_SUSPICIOUS_MOVE = YES;
				CLANG_WARN_UNGUARDED_AVAILABILITY = YES_AGGRESSIVE;
				CLANG_WARN_UNREACHABLE_CODE = YES;
				CLANG_WARN__DUPLICATE_METHOD_MATCH = YES;
				COPY_PHASE_STRIP = NO;
				DEBUG_INFORMATION_FORMAT = "dwarf-with-dsym";
				ENABLE_NS_ASSERTIONS = NO;
				ENABLE_STRICT_OBJC_MSGSEND = YES;
				GCC_C_LANGUAGE_STANDARD = gnu11;
				GCC_NO_COMMON_BLOCKS = YES;
				GCC_WARN_64_TO_32_BIT_CONVERSION = YES;
				GCC_WARN_ABOUT_RETURN_TYPE = YES_ERROR;
				GCC_WARN_UNDECLARED_SELECTOR = YES;
				GCC_WARN_UNINITIALIZED_AUTOS = YES_AGGRESSIVE;
				GCC_WARN_UNUSED_FUNCTION = YES;
				GCC_WARN_UNUSED_VARIABLE = YES;
				IPHONEOS_DEPLOYMENT_TARGET = 16.0;
				MTL_ENABLE_DEBUG_INFO = NO;
				MTL_FAST_MATH = YES;
				SDKROOT = iphoneos;
				SWIFT_COMPILATION_MODE = wholemodule;
				SWIFT_OPTIMIZATION_LEVEL = "-O";
				VALIDATE_PRODUCT = YES;
			};
			name = Release;
		};
		A36957B329136196007FC904 /* Debug */ = {
			isa = XCBuildConfiguration;
			buildSettings = {
				ASSETCATALOG_COMPILER_APPICON_NAME = AppIcon;
				ASSETCATALOG_COMPILER_GLOBAL_ACCENT_COLOR_NAME = AccentColor;
				CODE_SIGN_STYLE = Automatic;
				CURRENT_PROJECT_VERSION = 1;
				DEVELOPMENT_ASSET_PATHS = "\"1-Restart/Preview Content\"";
				DEVELOPMENT_TEAM = 7ACYB84PE5;
				ENABLE_PREVIEWS = YES;
				GENERATE_INFOPLIST_FILE = YES;
				INFOPLIST_FILE = "--Restart-Info.plist";
				INFOPLIST_KEY_UIApplicationSceneManifest_Generation = YES;
				INFOPLIST_KEY_UIApplicationSupportsIndirectInputEvents = YES;
				INFOPLIST_KEY_UISupportedInterfaceOrientations = UIInterfaceOrientationPortrait;
				IPHONEOS_DEPLOYMENT_TARGET = 15.0;
				LD_RUNPATH_SEARCH_PATHS = (
					"$(inherited)",
					"@executable_path/Frameworks",
				);
				MARKETING_VERSION = 1.0;
				PRODUCT_BUNDLE_IDENTIFIER = "com.giangbb.ios.--Restart";
				PRODUCT_NAME = "$(TARGET_NAME)";
				SWIFT_EMIT_LOC_STRINGS = YES;
				SWIFT_VERSION = 5.0;
				TARGETED_DEVICE_FAMILY = "1,2";
			};
			name = Debug;
		};
		A36957B429136196007FC904 /* Release */ = {
			isa = XCBuildConfiguration;
			buildSettings = {
				ASSETCATALOG_COMPILER_APPICON_NAME = AppIcon;
				ASSETCATALOG_COMPILER_GLOBAL_ACCENT_COLOR_NAME = AccentColor;
				CODE_SIGN_STYLE = Automatic;
				CURRENT_PROJECT_VERSION = 1;
				DEVELOPMENT_ASSET_PATHS = "\"1-Restart/Preview Content\"";
				DEVELOPMENT_TEAM = 7ACYB84PE5;
				ENABLE_PREVIEWS = YES;
				GENERATE_INFOPLIST_FILE = YES;
				INFOPLIST_FILE = "--Restart-Info.plist";
				INFOPLIST_KEY_UIApplicationSceneManifest_Generation = YES;
				INFOPLIST_KEY_UIApplicationSupportsIndirectInputEvents = YES;
				INFOPLIST_KEY_UISupportedInterfaceOrientations = UIInterfaceOrientationPortrait;
				IPHONEOS_DEPLOYMENT_TARGET = 15.0;
				LD_RUNPATH_SEARCH_PATHS = (
					"$(inherited)",
					"@executable_path/Frameworks",
				);
				MARKETING_VERSION = 1.0;
				PRODUCT_BUNDLE_IDENTIFIER = "com.giangbb.ios.--Restart";
				PRODUCT_NAME = "$(TARGET_NAME)";
				SWIFT_EMIT_LOC_STRINGS = YES;
				SWIFT_VERSION = 5.0;
				TARGETED_DEVICE_FAMILY = "1,2";
			};
			name = Release;
		};
/* End XCBuildConfiguration section */

/* Begin XCConfigurationList section */
		A369579F29136194007FC904 /* Build configuration list for PBXProject "1-Restart" */ = {
			isa = XCConfigurationList;
			buildConfigurations = (
				A36957B029136196007FC904 /* Debug */,
				A36957B129136196007FC904 /* Release */,
			);
			defaultConfigurationIsVisible = 0;
			defaultConfigurationName = Release;
		};
		A36957B229136196007FC904 /* Build configuration list for PBXNativeTarget "1-Restart" */ = {
			isa = XCConfigurationList;
			buildConfigurations = (
				A36957B329136196007FC904 /* Debug */,
				A36957B429136196007FC904 /* Release */,
			);
			defaultConfigurationIsVisible = 0;
			defaultConfigurationName = Release;
		};
/* End XCConfigurationList section */
	};
	rootObject = A369579C29136194007FC904 /* Project object */;
}
